
Microsoft Visual Studio Solution File, Format Version 10.00
# Visual Studio 2008
Project("{FAE04EC0-301F-11D3-BF4B-00C04F79EFBC}") = "aspZone.Samples.SimpleMvcFileUpload", "aspZone.Samples.SimpleMvcFileUpload.csproj", "{AC341668-E444-40D9-9518-F8C7DD485D25}"
EndProject
Global
	GlobalSection(SubversionScc) = preSolution
		Svn-Managed = True
		Manager = AnkhSVN - Subversion Support for Visual Studio
	EndGlobalSection
	GlobalSection(SolutionConfigurationPlatforms) = preSolution
		Debug|Any CPU = Debug|Any CPU
		Release|Any CPU = Release|Any CPU
	EndGlobalSection
	GlobalSection(ProjectConfigurationPlatforms) = postSolution
		{AC341668-E444-40D9-9518-F8C7DD485D25}.Debug|Any CPU.ActiveCfg = Debug|Any CPU
		{AC341668-E444-40D9-9518-F8C7DD485D25}.Debug|Any CPU.Build.0 = Debug|Any CPU
		{AC341668-E444-40D9-9518-F8C7DD485D25}.Release|Any CPU.ActiveCfg = Release|Any CPU
		{AC341668-E444-40D9-9518-F8C7DD485D25}.Release|Any CPU.Build.0 = Release|Any CPU
	EndGlobalSection
	GlobalSection(SolutionProperties) = preSolution
		HideSolutionNode = FALSE
	EndGlobalSection
EndGlobal
